// !$*UTF8*$!
{
	archiveVersion = 1;
	classes = {
	};
	objectVersion = 46;
	objects = {

/* Begin PBXBuildFile section */
		4804C1E11EDB27A1006BC657 /* AppDelegate.swift in Sources */ = {isa = PBXBuildFile; fileRef = 4804C1E01EDB27A1006BC657 /* AppDelegate.swift */; };
		4804C1E31EDB27A1006BC657 /* ViewController.swift in Sources */ = {isa = PBXBuildFile; fileRef = 4804C1E21EDB27A1006BC657 /* ViewController.swift */; };
		4804C1E61EDB27A1006BC657 /* Main.storyboard in Resources */ = {isa = PBXBuildFile; fileRef = 4804C1E41EDB27A1006BC657 /* Main.storyboard */; };
		4804C1E81EDB27A1006BC657 /* Assets.xcassets in Resources */ = {isa = PBXBuildFile; fileRef = 4804C1E71EDB27A1006BC657 /* Assets.xcassets */; };
		4804C1EB1EDB27A1006BC657 /* LaunchScreen.storyboard in Resources */ = {isa = PBXBuildFile; fileRef = 4804C1E91EDB27A1006BC657 /* LaunchScreen.storyboard */; };
		4804C1F61EDB27A1006BC657 /* VerticalTweetAppTests.swift in Sources */ = {isa = PBXBuildFile; fileRef = 4804C1F51EDB27A1006BC657 /* VerticalTweetAppTests.swift */; };
		4804C2011EDB27A1006BC657 /* VerticalTweetAppUITests.swift in Sources */ = {isa = PBXBuildFile; fileRef = 4804C2001EDB27A1006BC657 /* VerticalTweetAppUITests.swift */; };
		4804C2101EDB2841006BC657 /* Social.framework in Frameworks */ = {isa = PBXBuildFile; fileRef = 4804C20F1EDB2841006BC657 /* Social.framework */; };
		67710B340DE00D1A5C931E22 /* Pods_VerticalTweetApp.framework in Frameworks */ = {isa = PBXBuildFile; fileRef = 0C1E2F439E1C307FBCB4C277 /* Pods_VerticalTweetApp.framework */; };
/* End PBXBuildFile section */

/* Begin PBXContainerItemProxy section */
		4804C1F21EDB27A1006BC657 /* PBXContainerItemProxy */ = {
			isa = PBXContainerItemProxy;
			containerPortal = 4804C1D51EDB27A1006BC657 /* Project object */;
			proxyType = 1;
			remoteGlobalIDString = 4804C1DC1EDB27A1006BC657;
			remoteInfo = VerticalTweetApp;
		};
		4804C1FD1EDB27A1006BC657 /* PBXContainerItemProxy */ = {
			isa = PBXContainerItemProxy;
			containerPortal = 4804C1D51EDB27A1006BC657 /* Project object */;
			proxyType = 1;
			remoteGlobalIDString = 4804C1DC1EDB27A1006BC657;
			remoteInfo = VerticalTweetApp;
		};
/* End PBXContainerItemProxy section */

/* Begin PBXFileReference section */
		0C1E2F439E1C307FBCB4C277 /* Pods_VerticalTweetApp.framework */ = {isa = PBXFileReference; explicitFileType = wrapper.framework; includeInIndex = 0; path = Pods_VerticalTweetApp.framework; sourceTree = BUILT_PRODUCTS_DIR; };
		3479FEC90F02246B6F8DD28C /* Pods-VerticalTweetApp.release.xcconfig */ = {isa = PBXFileReference; includeInIndex = 1; lastKnownFileType = text.xcconfig; name = "Pods-VerticalTweetApp.release.xcconfig"; path = "Pods/Target Support Files/Pods-VerticalTweetApp/Pods-VerticalTweetApp.release.xcconfig"; sourceTree = "<group>"; };
		3FC9C299DA7A89212177D157 /* Pods-VerticalTweetApp.debug.xcconfig */ = {isa = PBXFileReference; includeInIndex = 1; lastKnownFileType = text.xcconfig; name = "Pods-VerticalTweetApp.debug.xcconfig"; path = "Pods/Target Support Files/Pods-VerticalTweetApp/Pods-VerticalTweetApp.debug.xcconfig"; sourceTree = "<group>"; };
		4804C1DD1EDB27A1006BC657 /* VerticalTweetApp.app */ = {isa = PBXFileReference; explicitFileType = wrapper.application; includeInIndex = 0; path = VerticalTweetApp.app; sourceTree = BUILT_PRODUCTS_DIR; };
		4804C1E01EDB27A1006BC657 /* AppDelegate.swift */ = {isa = PBXFileReference; lastKnownFileType = sourcecode.swift; path = AppDelegate.swift; sourceTree = "<group>"; };
		4804C1E21EDB27A1006BC657 /* ViewController.swift */ = {isa = PBXFileReference; lastKnownFileType = sourcecode.swift; path = ViewController.swift; sourceTree = "<group>"; };
		4804C1E51EDB27A1006BC657 /* Base */ = {isa = PBXFileReference; lastKnownFileType = file.storyboard; name = Base; path = Base.lproj/Main.storyboard; sourceTree = "<group>"; };
		4804C1E71EDB27A1006BC657 /* Assets.xcassets */ = {isa = PBXFileReference; lastKnownFileType = folder.assetcatalog; path = Assets.xcassets; sourceTree = "<group>"; };
		4804C1EA1EDB27A1006BC657 /* Base */ = {isa = PBXFileReference; lastKnownFileType = file.storyboard; name = Base; path = Base.lproj/LaunchScreen.storyboard; sourceTree = "<group>"; };
		4804C1EC1EDB27A1006BC657 /* Info.plist */ = {isa = PBXFileReference; lastKnownFileType = text.plist.xml; path = Info.plist; sourceTree = "<group>"; };
		4804C1F11EDB27A1006BC657 /* VerticalTweetAppTests.xctest */ = {isa = PBXFileReference; explicitFileType = wrapper.cfbundle; includeInIndex = 0; path = VerticalTweetAppTests.xctest; sourceTree = BUILT_PRODUCTS_DIR; };
		4804C1F51EDB27A1006BC657 /* VerticalTweetAppTests.swift */ = {isa = PBXFileReference; lastKnownFileType = sourcecode.swift; path = VerticalTweetAppTests.swift; sourceTree = "<group>"; };
		4804C1F71EDB27A1006BC657 /* Info.plist */ = {isa = PBXFileReference; lastKnownFileType = text.plist.xml; path = Info.plist; sourceTree = "<group>"; };
		4804C1FC1EDB27A1006BC657 /* VerticalTweetAppUITests.xctest */ = {isa = PBXFileReference; explicitFileType = wrapper.cfbundle; includeInIndex = 0; path = VerticalTweetAppUITests.xctest; sourceTree = BUILT_PRODUCTS_DIR; };
		4804C2001EDB27A1006BC657 /* VerticalTweetAppUITests.swift */ = {isa = PBXFileReference; lastKnownFileType = sourcecode.swift; path = VerticalTweetAppUITests.swift; sourceTree = "<group>"; };
		4804C2021EDB27A1006BC657 /* Info.plist */ = {isa = PBXFileReference; lastKnownFileType = text.plist.xml; path = Info.plist; sourceTree = "<group>"; };
		4804C20F1EDB2841006BC657 /* Social.framework */ = {isa = PBXFileReference; lastKnownFileType = wrapper.framework; name = Social.framework; path = System/Library/Frameworks/Social.framework; sourceTree = SDKROOT; };
		4888F3F01EDFCEDF0099CAA4 /* ja */ = {isa = PBXFileReference; lastKnownFileType = text.plist.strings; name = ja; path = ja.lproj/Main.strings; sourceTree = "<group>"; };
		4888F3F11EDFCEDF0099CAA4 /* ja */ = {isa = PBXFileReference; lastKnownFileType = text.plist.strings; name = ja; path = ja.lproj/LaunchScreen.strings; sourceTree = "<group>"; };
/* End PBXFileReference section */

/* Begin PBXFrameworksBuildPhase section */
		4804C1DA1EDB27A1006BC657 /* Frameworks */ = {
			isa = PBXFrameworksBuildPhase;
			buildActionMask = 2147483647;
			files = (
				4804C2101EDB2841006BC657 /* Social.framework in Frameworks */,
				67710B340DE00D1A5C931E22 /* Pods_VerticalTweetApp.framework in Frameworks */,
			);
			runOnlyForDeploymentPostprocessing = 0;
		};
		4804C1EE1EDB27A1006BC657 /* Frameworks */ = {
			isa = PBXFrameworksBuildPhase;
			buildActionMask = 2147483647;
			files = (
			);
			runOnlyForDeploymentPostprocessing = 0;
		};
		4804C1F91EDB27A1006BC657 /* Frameworks */ = {
			isa = PBXFrameworksBuildPhase;
			buildActionMask = 2147483647;
			files = (
			);
			runOnlyForDeploymentPostprocessing = 0;
		};
/* End PBXFrameworksBuildPhase section */

/* Begin PBXGroup section */
		4804C1D41EDB27A1006BC657 = {
			isa = PBXGroup;
			children = (
				4804C1DF1EDB27A1006BC657 /* VerticalTweetApp */,
				4804C1F41EDB27A1006BC657 /* VerticalTweetAppTests */,
				4804C1FF1EDB27A1006BC657 /* VerticalTweetAppUITests */,
				4804C1DE1EDB27A1006BC657 /* Products */,
				4804C20E1EDB2841006BC657 /* Frameworks */,
				D9C002AD61799343FB706F81 /* Pods */,
			);
			sourceTree = "<group>";
		};
		4804C1DE1EDB27A1006BC657 /* Products */ = {
			isa = PBXGroup;
			children = (
				4804C1DD1EDB27A1006BC657 /* VerticalTweetApp.app */,
				4804C1F11EDB27A1006BC657 /* VerticalTweetAppTests.xctest */,
				4804C1FC1EDB27A1006BC657 /* VerticalTweetAppUITests.xctest */,
			);
			name = Products;
			sourceTree = "<group>";
		};
		4804C1DF1EDB27A1006BC657 /* VerticalTweetApp */ = {
			isa = PBXGroup;
			children = (
				4804C1E01EDB27A1006BC657 /* AppDelegate.swift */,
				4804C1E21EDB27A1006BC657 /* ViewController.swift */,
				4804C1E41EDB27A1006BC657 /* Main.storyboard */,
				4804C1E71EDB27A1006BC657 /* Assets.xcassets */,
				4804C1E91EDB27A1006BC657 /* LaunchScreen.storyboard */,
				4804C1EC1EDB27A1006BC657 /* Info.plist */,
			);
			path = VerticalTweetApp;
			sourceTree = "<group>";
		};
		4804C1F41EDB27A1006BC657 /* VerticalTweetAppTests */ = {
			isa = PBXGroup;
			children = (
				4804C1F51EDB27A1006BC657 /* VerticalTweetAppTests.swift */,
				4804C1F71EDB27A1006BC657 /* Info.plist */,
			);
			path = VerticalTweetAppTests;
			sourceTree = "<group>";
		};
		4804C1FF1EDB27A1006BC657 /* VerticalTweetAppUITests */ = {
			isa = PBXGroup;
			children = (
				4804C2001EDB27A1006BC657 /* VerticalTweetAppUITests.swift */,
				4804C2021EDB27A1006BC657 /* Info.plist */,
			);
			path = VerticalTweetAppUITests;
			sourceTree = "<group>";
		};
		4804C20E1EDB2841006BC657 /* Frameworks */ = {
			isa = PBXGroup;
			children = (
				4804C20F1EDB2841006BC657 /* Social.framework */,
				0C1E2F439E1C307FBCB4C277 /* Pods_VerticalTweetApp.framework */,
			);
			name = Frameworks;
			sourceTree = "<group>";
		};
		D9C002AD61799343FB706F81 /* Pods */ = {
			isa = PBXGroup;
			children = (
				3FC9C299DA7A89212177D157 /* Pods-VerticalTweetApp.debug.xcconfig */,
				3479FEC90F02246B6F8DD28C /* Pods-VerticalTweetApp.release.xcconfig */,
			);
			name = Pods;
			sourceTree = "<group>";
		};
/* End PBXGroup section */

/* Begin PBXNativeTarget section */
		4804C1DC1EDB27A1006BC657 /* VerticalTweetApp */ = {
			isa = PBXNativeTarget;
			buildConfigurationList = 4804C2051EDB27A1006BC657 /* Build configuration list for PBXNativeTarget "VerticalTweetApp" */;
			buildPhases = (
				7F7406AA88E1FC018C4460DF /* [CP] Check Pods Manifest.lock */,
				4804C1D91EDB27A1006BC657 /* Sources */,
				4804C1DA1EDB27A1006BC657 /* Frameworks */,
				4804C1DB1EDB27A1006BC657 /* Resources */,
				001593CFCE659D503E67A999 /* [CP] Embed Pods Frameworks */,
				FC69D1C3F7B89D6B6C94318F /* [CP] Copy Pods Resources */,
			);
			buildRules = (
			);
			dependencies = (
			);
			name = VerticalTweetApp;
			productName = VerticalTweetApp;
			productReference = 4804C1DD1EDB27A1006BC657 /* VerticalTweetApp.app */;
			productType = "com.apple.product-type.application";
		};
		4804C1F01EDB27A1006BC657 /* VerticalTweetAppTests */ = {
			isa = PBXNativeTarget;
			buildConfigurationList = 4804C2081EDB27A1006BC657 /* Build configuration list for PBXNativeTarget "VerticalTweetAppTests" */;
			buildPhases = (
				4804C1ED1EDB27A1006BC657 /* Sources */,
				4804C1EE1EDB27A1006BC657 /* Frameworks */,
				4804C1EF1EDB27A1006BC657 /* Resources */,
			);
			buildRules = (
			);
			dependencies = (
				4804C1F31EDB27A1006BC657 /* PBXTargetDependency */,
			);
			name = VerticalTweetAppTests;
			productName = VerticalTweetAppTests;
			productReference = 4804C1F11EDB27A1006BC657 /* VerticalTweetAppTests.xctest */;
			productType = "com.apple.product-type.bundle.unit-test";
		};
		4804C1FB1EDB27A1006BC657 /* VerticalTweetAppUITests */ = {
			isa = PBXNativeTarget;
			buildConfigurationList = 4804C20B1EDB27A1006BC657 /* Build configuration list for PBXNativeTarget "VerticalTweetAppUITests" */;
			buildPhases = (
				4804C1F81EDB27A1006BC657 /* Sources */,
				4804C1F91EDB27A1006BC657 /* Frameworks */,
				4804C1FA1EDB27A1006BC657 /* Resources */,
			);
			buildRules = (
			);
			dependencies = (
				4804C1FE1EDB27A1006BC657 /* PBXTargetDependency */,
			);
			name = VerticalTweetAppUITests;
			productName = VerticalTweetAppUITests;
			productReference = 4804C1FC1EDB27A1006BC657 /* VerticalTweetAppUITests.xctest */;
			productType = "com.apple.product-type.bundle.ui-testing";
		};
/* End PBXNativeTarget section */

/* Begin PBXProject section */
		4804C1D51EDB27A1006BC657 /* Project object */ = {
			isa = PBXProject;
			attributes = {
				LastSwiftUpdateCheck = 0830;
				LastUpgradeCheck = 0830;
				ORGANIZATIONNAME = KouheiShoji;
				TargetAttributes = {
					4804C1DC1EDB27A1006BC657 = {
						CreatedOnToolsVersion = 8.3.2;
						DevelopmentTeam = NX753GBY5A;
						ProvisioningStyle = Automatic;
					};
					4804C1F01EDB27A1006BC657 = {
						CreatedOnToolsVersion = 8.3.2;
						DevelopmentTeam = NX753GBY5A;
						ProvisioningStyle = Automatic;
						TestTargetID = 4804C1DC1EDB27A1006BC657;
					};
					4804C1FB1EDB27A1006BC657 = {
						CreatedOnToolsVersion = 8.3.2;
						DevelopmentTeam = NX753GBY5A;
						ProvisioningStyle = Automatic;
						TestTargetID = 4804C1DC1EDB27A1006BC657;
					};
				};
			};
			buildConfigurationList = 4804C1D81EDB27A1006BC657 /* Build configuration list for PBXProject "VerticalTweetApp" */;
			compatibilityVersion = "Xcode 3.2";
			developmentRegion = English;
			hasScannedForEncodings = 0;
			knownRegions = (
				en,
				Base,
			);
			mainGroup = 4804C1D41EDB27A1006BC657;
			productRefGroup = 4804C1DE1EDB27A1006BC657 /* Products */;
			projectDirPath = "";
			projectRoot = "";
			targets = (
				4804C1DC1EDB27A1006BC657 /* VerticalTweetApp */,
				4804C1F01EDB27A1006BC657 /* VerticalTweetAppTests */,
				4804C1FB1EDB27A1006BC657 /* VerticalTweetAppUITests */,
			);
		};
/* End PBXProject section */

/* Begin PBXResourcesBuildPhase section */
		4804C1DB1EDB27A1006BC657 /* Resources */ = {
			isa = PBXResourcesBuildPhase;
			buildActionMask = 2147483647;
			files = (
				4804C1EB1EDB27A1006BC657 /* LaunchScreen.storyboard in Resources */,
				4804C1E81EDB27A1006BC657 /* Assets.xcassets in Resources */,
				4804C1E61EDB27A1006BC657 /* Main.storyboard in Resources */,
			);
			runOnlyForDeploymentPostprocessing = 0;
		};
		4804C1EF1EDB27A1006BC657 /* Resources */ = {
			isa = PBXResourcesBuildPhase;
			buildActionMask = 2147483647;
			files = (
			);
			runOnlyForDeploymentPostprocessing = 0;
		};
		4804C1FA1EDB27A1006BC657 /* Resources */ = {
			isa = PBXResourcesBuildPhase;
			buildActionMask = 2147483647;
			files = (
			);
			runOnlyForDeploymentPostprocessing = 0;
		};
/* End PBXResourcesBuildPhase section */

/* Begin PBXShellScriptBuildPhase section */
		001593CFCE659D503E67A999 /* [CP] Embed Pods Frameworks */ = {
			isa = PBXShellScriptBuildPhase;
			buildActionMask = 2147483647;
			files = (
			);
			inputPaths = (
			);
			name = "[CP] Embed Pods Frameworks";
			outputPaths = (
			);
			runOnlyForDeploymentPostprocessing = 0;
			shellPath = /bin/sh;
			shellScript = "\"${SRCROOT}/Pods/Target Support Files/Pods-VerticalTweetApp/Pods-VerticalTweetApp-frameworks.sh\"\n";
			showEnvVarsInLog = 0;
		};
		7F7406AA88E1FC018C4460DF /* [CP] Check Pods Manifest.lock */ = {
			isa = PBXShellScriptBuildPhase;
			buildActionMask = 2147483647;
			files = (
			);
			inputPaths = (
			);
			name = "[CP] Check Pods Manifest.lock";
			outputPaths = (
			);
			runOnlyForDeploymentPostprocessing = 0;
			shellPath = /bin/sh;
			shellScript = "diff \"${PODS_PODFILE_DIR_PATH}/Podfile.lock\" \"${PODS_ROOT}/Manifest.lock\" > /dev/null\nif [ $? != 0 ] ; then\n    # print error to STDERR\n    echo \"error: The sandbox is not in sync with the Podfile.lock. Run 'pod install' or update your CocoaPods installation.\" >&2\n    exit 1\nfi\n";
			showEnvVarsInLog = 0;
		};
		FC69D1C3F7B89D6B6C94318F /* [CP] Copy Pods Resources */ = {
			isa = PBXShellScriptBuildPhase;
			buildActionMask = 2147483647;
			files = (
			);
			inputPaths = (
			);
			name = "[CP] Copy Pods Resources";
			outputPaths = (
			);
			runOnlyForDeploymentPostprocessing = 0;
			shellPath = /bin/sh;
			shellScript = "\"${SRCROOT}/Pods/Target Support Files/Pods-VerticalTweetApp/Pods-VerticalTweetApp-resources.sh\"\n";
			showEnvVarsInLog = 0;
		};
/* End PBXShellScriptBuildPhase section */

/* Begin PBXSourcesBuildPhase section */
		4804C1D91EDB27A1006BC657 /* Sources */ = {
			isa = PBXSourcesBuildPhase;
			buildActionMask = 2147483647;
			files = (
				4804C1E31EDB27A1006BC657 /* ViewController.swift in Sources */,
				4804C1E11EDB27A1006BC657 /* AppDelegate.swift in Sources */,
			);
			runOnlyForDeploymentPostprocessing = 0;
		};
		4804C1ED1EDB27A1006BC657 /* Sources */ = {
			isa = PBXSourcesBuildPhase;
			buildActionMask = 2147483647;
			files = (
				4804C1F61EDB27A1006BC657 /* VerticalTweetAppTests.swift in Sources */,
			);
			runOnlyForDeploymentPostprocessing = 0;
		};
		4804C1F81EDB27A1006BC657 /* Sources */ = {
			isa = PBXSourcesBuildPhase;
			buildActionMask = 2147483647;
			files = (
				4804C2011EDB27A1006BC657 /* VerticalTweetAppUITests.swift in Sources */,
			);
			runOnlyForDeploymentPostprocessing = 0;
		};
/* End PBXSourcesBuildPhase section */

/* Begin PBXTargetDependency section */
		4804C1F31EDB27A1006BC657 /* PBXTargetDependency */ = {
			isa = PBXTargetDependency;
			target = 4804C1DC1EDB27A1006BC657 /* VerticalTweetApp */;
			targetProxy = 4804C1F21EDB27A1006BC657 /* PBXContainerItemProxy */;
		};
		4804C1FE1EDB27A1006BC657 /* PBXTargetDependency */ = {
			isa = PBXTargetDependency;
			target = 4804C1DC1EDB27A1006BC657 /* VerticalTweetApp */;
			targetProxy = 4804C1FD1EDB27A1006BC657 /* PBXContainerItemProxy */;
		};
/* End PBXTargetDependency section */

/* Begin PBXVariantGroup section */
		4804C1E41EDB27A1006BC657 /* Main.storyboard */ = {
			isa = PBXVariantGroup;
			children = (
				4804C1E51EDB27A1006BC657 /* Base */,
				4888F3F01EDFCEDF0099CAA4 /* ja */,
			);
			name = Main.storyboard;
			sourceTree = "<group>";
		};
		4804C1E91EDB27A1006BC657 /* LaunchScreen.storyboard */ = {
			isa = PBXVariantGroup;
			children = (
				4804C1EA1EDB27A1006BC657 /* Base */,
				4888F3F11EDFCEDF0099CAA4 /* ja */,
			);
			name = LaunchScreen.storyboard;
			sourceTree = "<group>";
		};
/* End PBXVariantGroup section */

/* Begin XCBuildConfiguration section */
		4804C2031EDB27A1006BC657 /* Debug */ = {
			isa = XCBuildConfiguration;
			buildSettings = {
				ALWAYS_SEARCH_USER_PATHS = NO;
				CLANG_ANALYZER_LOCALIZABILITY_NONLOCALIZED = YES;
				CLANG_ANALYZER_NONNULL = YES;
				CLANG_ANALYZER_NUMBER_OBJECT_CONVERSION = YES_AGGRESSIVE;
				CLANG_CXX_LANGUAGE_STANDARD = "gnu++0x";
				CLANG_CXX_LIBRARY = "libc++";
				CLANG_ENABLE_MODULES = YES;
				CLANG_ENABLE_OBJC_ARC = YES;
				CLANG_WARN_BOOL_CONVERSION = YES;
				CLANG_WARN_CONSTANT_CONVERSION = YES;
				CLANG_WARN_DIRECT_OBJC_ISA_USAGE = YES_ERROR;
				CLANG_WARN_DOCUMENTATION_COMMENTS = YES;
				CLANG_WARN_EMPTY_BODY = YES;
				CLANG_WARN_ENUM_CONVERSION = YES;
				CLANG_WARN_INFINITE_RECURSION = YES;
				CLANG_WARN_INT_CONVERSION = YES;
				CLANG_WARN_OBJC_ROOT_CLASS = YES_ERROR;
				CLANG_WARN_SUSPICIOUS_MOVE = YES;
				CLANG_WARN_UNREACHABLE_CODE = YES;
				CLANG_WARN__DUPLICATE_METHOD_MATCH = YES;
				"CODE_SIGN_IDENTITY[sdk=iphoneos*]" = "iPhone Developer";
				COPY_PHASE_STRIP = NO;
				DEBUG_INFORMATION_FORMAT = dwarf;
				ENABLE_STRICT_OBJC_MSGSEND = YES;
				ENABLE_TESTABILITY = YES;
				GCC_C_LANGUAGE_STANDARD = gnu99;
				GCC_DYNAMIC_NO_PIC = NO;
				GCC_NO_COMMON_BLOCKS = YES;
				GCC_OPTIMIZATION_LEVEL = 0;
				GCC_PREPROCESSOR_DEFINITIONS = (
					"DEBUG=1",
					"$(inherited)",
				);
				GCC_WARN_64_TO_32_BIT_CONVERSION = YES;
				GCC_WARN_ABOUT_RETURN_TYPE = YES_ERROR;
				GCC_WARN_UNDECLARED_SELECTOR = YES;
				GCC_WARN_UNINITIALIZED_AUTOS = YES_AGGRESSIVE;
				GCC_WARN_UNUSED_FUNCTION = YES;
				GCC_WARN_UNUSED_VARIABLE = YES;
				IPHONEOS_DEPLOYMENT_TARGET = 10.3;
				MTL_ENABLE_DEBUG_INFO = YES;
				ONLY_ACTIVE_ARCH = YES;
				SDKROOT = iphoneos;
				SWIFT_ACTIVE_COMPILATION_CONDITIONS = DEBUG;
				SWIFT_OPTIMIZATION_LEVEL = "-Onone";
				TARGETED_DEVICE_FAMILY = "1,2";
			};
			name = Debug;
		};
		4804C2041EDB27A1006BC657 /* Release */ = {
			isa = XCBuildConfiguration;
			buildSettings = {
				ALWAYS_SEARCH_USER_PATHS = NO;
				CLANG_ANALYZER_LOCALIZABILITY_NONLOCALIZED = YES;
				CLANG_ANALYZER_NONNULL = YES;
				CLANG_ANALYZER_NUMBER_OBJECT_CONVERSION = YES_AGGRESSIVE;
				CLANG_CXX_LANGUAGE_STANDARD = "gnu++0x";
				CLANG_CXX_LIBRARY = "libc++";
				CLANG_ENABLE_MODULES = YES;
				CLANG_ENABLE_OBJC_ARC = YES;
				CLANG_WARN_BOOL_CONVERSION = YES;
				CLANG_WARN_CONSTANT_CONVERSION = YES;
				CLANG_WARN_DIRECT_OBJC_ISA_USAGE = YES_ERROR;
				CLANG_WARN_DOCUMENTATION_COMMENTS = YES;
				CLANG_WARN_EMPTY_BODY = YES;
				CLANG_WARN_ENUM_CONVERSION = YES;
				CLANG_WARN_INFINITE_RECURSION = YES;
				CLANG_WARN_INT_CONVERSION = YES;
				CLANG_WARN_OBJC_ROOT_CLASS = YES_ERROR;
				CLANG_WARN_SUSPICIOUS_MOVE = YES;
				CLANG_WARN_UNREACHABLE_CODE = YES;
				CLANG_WARN__DUPLICATE_METHOD_MATCH = YES;
				"CODE_SIGN_IDENTITY[sdk=iphoneos*]" = "iPhone Developer";
				COPY_PHASE_STRIP = NO;
				DEBUG_INFORMATION_FORMAT = "dwarf-with-dsym";
				ENABLE_NS_ASSERTIONS = NO;
				ENABLE_STRICT_OBJC_MSGSEND = YES;
				GCC_C_LANGUAGE_STANDARD = gnu99;
				GCC_NO_COMMON_BLOCKS = YES;
				GCC_WARN_64_TO_32_BIT_CONVERSION = YES;
				GCC_WARN_ABOUT_RETURN_TYPE = YES_ERROR;
				GCC_WARN_UNDECLARED_SELECTOR = YES;
				GCC_WARN_UNINITIALIZED_AUTOS = YES_AGGRESSIVE;
				GCC_WARN_UNUSED_FUNCTION = YES;
				GCC_WARN_UNUSED_VARIABLE = YES;
				IPHONEOS_DEPLOYMENT_TARGET = 10.3;
				MTL_ENABLE_DEBUG_INFO = NO;
				SDKROOT = iphoneos;
				SWIFT_OPTIMIZATION_LEVEL = "-Owholemodule";
				TARGETED_DEVICE_FAMILY = "1,2";
				VALIDATE_PRODUCT = YES;
			};
			name = Release;
		};
		4804C2061EDB27A1006BC657 /* Debug */ = {
			isa = XCBuildConfiguration;
			baseConfigurationReference = 3FC9C299DA7A89212177D157 /* Pods-VerticalTweetApp.debug.xcconfig */;
			buildSettings = {
				ASSETCATALOG_COMPILER_APPICON_NAME = AppIcon;
				DEVELOPMENT_TEAM = NX753GBY5A;
				INFOPLIST_FILE = VerticalTweetApp/Info.plist;
				LD_RUNPATH_SEARCH_PATHS = "$(inherited) @executable_path/Frameworks";
				PRODUCT_BUNDLE_IDENTIFIER = "com.green-minto.VerticalTweetApp";
				PRODUCT_NAME = "$(TARGET_NAME)";
				SWIFT_VERSION = 3.0;
				TARGETED_DEVICE_FAMILY = "1,2";
			};
			name = Debug;
		};
		4804C2071EDB27A1006BC657 /* Release */ = {
			isa = XCBuildConfiguration;
			baseConfigurationReference = 3479FEC90F02246B6F8DD28C /* Pods-VerticalTweetApp.release.xcconfig */;
			buildSettings = {
				ASSETCATALOG_COMPILER_APPICON_NAME = AppIcon;
				DEVELOPMENT_TEAM = NX753GBY5A;
				INFOPLIST_FILE = VerticalTweetApp/Info.plist;
				LD_RUNPATH_SEARCH_PATHS = "$(inherited) @executable_path/Frameworks";
				PRODUCT_BUNDLE_IDENTIFIER = "com.green-minto.VerticalTweetApp";
				PRODUCT_NAME = "$(TARGET_NAME)";
				SWIFT_VERSION = 3.0;
				TARGETED_DEVICE_FAMILY = "1,2";
			};
			name = Release;
		};
		4804C2091EDB27A1006BC657 /* Debug */ = {
			isa = XCBuildConfiguration;
			buildSettings = {
				ALWAYS_EMBED_SWIFT_STANDARD_LIBRARIES = YES;
				BUNDLE_LOADER = "$(TEST_HOST)";
				DEVELOPMENT_TEAM = NX753GBY5A;
				INFOPLIST_FILE = VerticalTweetAppTests/Info.plist;
				LD_RUNPATH_SEARCH_PATHS = "$(inherited) @executable_path/Frameworks @loader_path/Frameworks";
				PRODUCT_BUNDLE_IDENTIFIER = "com.green-minto.VerticalTweetAppTests";
				PRODUCT_NAME = "$(TARGET_NAME)";
				SWIFT_VERSION = 3.0;
				TEST_HOST = "$(BUILT_PRODUCTS_DIR)/VerticalTweetApp.app/VerticalTweetApp";
			};
			name = Debug;
		};
		4804C20A1EDB27A1006BC657 /* Release */ = {
			isa = XCBuildConfiguration;
			buildSettings = {
				ALWAYS_EMBED_SWIFT_STANDARD_LIBRARIES = YES;
				BUNDLE_LOADER = "$(TEST_HOST)";
				DEVELOPMENT_TEAM = NX753GBY5A;
				INFOPLIST_FILE = VerticalTweetAppTests/Info.plist;
				LD_RUNPATH_SEARCH_PATHS = "$(inherited) @executable_path/Frameworks @loader_path/Frameworks";
				PRODUCT_BUNDLE_IDENTIFIER = "com.green-minto.VerticalTweetAppTests";
				PRODUCT_NAME = "$(TARGET_NAME)";
				SWIFT_VERSION = 3.0;
				TEST_HOST = "$(BUILT_PRODUCTS_DIR)/VerticalTweetApp.app/VerticalTweetApp";
			};
			name = Release;
		};
		4804C20C1EDB27A1006BC657 /* Debug */ = {
			isa = XCBuildConfiguration;
			buildSettings = {
				ALWAYS_EMBED_SWIFT_STANDARD_LIBRARIES = YES;
				DEVELOPMENT_TEAM = NX753GBY5A;
				INFOPLIST_FILE = VerticalTweetAppUITests/Info.plist;
				LD_RUNPATH_SEARCH_PATHS = "$(inherited) @executable_path/Frameworks @loader_path/Frameworks";
				PRODUCT_BUNDLE_IDENTIFIER = "com.green-minto.VerticalTweetAppUITests";
				PRODUCT_NAME = "$(TARGET_NAME)";
				SWIFT_VERSION = 3.0;
				TEST_TARGET_NAME = VerticalTweetApp;
			};
			name = Debug;
		};
		4804C20D1EDB27A1006BC657 /* Release */ = {
			isa = XCBuildConfiguration;
			buildSettings = {
				ALWAYS_EMBED_SWIFT_STANDARD_LIBRARIES = YES;
				DEVELOPMENT_TEAM = NX753GBY5A;
				INFOPLIST_FILE = VerticalTweetAppUITests/Info.plist;
				LD_RUNPATH_SEARCH_PATHS = "$(inherited) @executable_path/Frameworks @loader_path/Frameworks";
				PRODUCT_BUNDLE_IDENTIFIER = "com.green-minto.VerticalTweetAppUITests";
				PRODUCT_NAME = "$(TARGET_NAME)";
				SWIFT_VERSION = 3.0;
				TEST_TARGET_NAME = VerticalTweetApp;
			};
			name = Release;
		};
/* End XCBuildConfiguration section */

/* Begin XCConfigurationList section */
		4804C1D81EDB27A1006BC657 /* Build configuration list for PBXProject "VerticalTweetApp" */ = {
			isa = XCConfigurationList;
			buildConfigurations = (
				4804C2031EDB27A1006BC657 /* Debug */,
				4804C2041EDB27A1006BC657 /* Release */,
			);
			defaultConfigurationIsVisible = 0;
			defaultConfigurationName = Release;
		};
		4804C2051EDB27A1006BC657 /* Build configuration list for PBXNativeTarget "VerticalTweetApp" */ = {
			isa = XCConfigurationList;
			buildConfigurations = (
				4804C2061EDB27A1006BC657 /* Debug */,
				4804C2071EDB27A1006BC657 /* Release */,
			);
			defaultConfigurationIsVisible = 0;
			defaultConfigurationName = Release;
		};
		4804C2081EDB27A1006BC657 /* Build configuration list for PBXNativeTarget "VerticalTweetAppTests" */ = {
			isa = XCConfigurationList;
			buildConfigurations = (
				4804C2091EDB27A1006BC657 /* Debug */,
				4804C20A1EDB27A1006BC657 /* Release */,
			);
			defaultConfigurationIsVisible = 0;
			defaultConfigurationName = Release;
		};
		4804C20B1EDB27A1006BC657 /* Build configuration list for PBXNativeTarget "VerticalTweetAppUITests" */ = {
			isa = XCConfigurationList;
			buildConfigurations = (
				4804C20C1EDB27A1006BC657 /* Debug */,
				4804C20D1EDB27A1006BC657 /* Release */,
			);
			defaultConfigurationIsVisible = 0;
			defaultConfigurationName = Release;
		};
/* End XCConfigurationList section */
	};
	rootObject = 4804C1D51EDB27A1006BC657 /* Project object */;
}
